
Microsoft Visual Studio Solution File, Format Version 12.00
# Visual Studio Version 16
VisualStudioVersion = 16.0.31205.134
MinimumVisualStudioVersion = 10.0.40219.1
Project("{FAE04EC0-301F-11D3-BF4B-00C04F79EFBC}") = "QueenAttack", "QueenAttack.csproj", "{7984309B-8842-4AED-94E5-382A6ABB9882}"
EndProject
Global
	GlobalSection(SolutionConfigurationPlatforms) = preSolution
		Debug|Any CPU = Debug|Any CPU
		Release|Any CPU = Release|Any CPU
	EndGlobalSection
	GlobalSection(ProjectConfigurationPlatforms) = postSolution
		{7984309B-8842-4AED-94E5-382A6ABB9882}.Debug|Any CPU.ActiveCfg = Debug|Any CPU
		{7984309B-8842-4AED-94E5-382A6ABB9882}.Debug|Any CPU.Build.0 = Debug|Any CPU
		{7984309B-8842-4AED-94E5-382A6ABB9882}.Release|Any CPU.ActiveCfg = Release|Any CPU
		{7984309B-8842-4AED-94E5-382A6ABB9882}.Release|Any CPU.Build.0 = Release|Any CPU
	EndGlobalSection
	GlobalSection(SolutionProperties) = preSolution
		HideSolutionNode = FALSE
	EndGlobalSection
	GlobalSection(ExtensibilityGlobals) = postSolution
		SolutionGuid = {2800E12D-B137-47F2-AF1C-8F5D71EFE44E}
	EndGlobalSection
EndGlobal
